// !$*UTF8*$!
{
	archiveVersion = 1;
	classes = {
	};
	objectVersion = 50;
	objects = {

/* Begin PBXBuildFile section */
		B671E58F2676B7220042CCE6 /* Spacings.swift in Sources */ = {isa = PBXBuildFile; fileRef = B671E58E2676B7220042CCE6 /* Spacings.swift */; };
		B671E5A826797F640042CCE6 /* EventView.swift in Sources */ = {isa = PBXBuildFile; fileRef = B671E5A726797F640042CCE6 /* EventView.swift */; };
		B671E5AD267984130042CCE6 /* EmptyView.swift in Sources */ = {isa = PBXBuildFile; fileRef = B671E5AC267984130042CCE6 /* EmptyView.swift */; };
		B671E5B2267984BD0042CCE6 /* Fonts.swift in Sources */ = {isa = PBXBuildFile; fileRef = B671E5B1267984BD0042CCE6 /* Fonts.swift */; };
		B671E5BA26798C450042CCE6 /* Values.swift in Sources */ = {isa = PBXBuildFile; fileRef = B671E5B926798C450042CCE6 /* Values.swift */; };
		B69E2C8E2675C7ED00B0BAE2 /* GotNextApp.swift in Sources */ = {isa = PBXBuildFile; fileRef = B69E2C8D2675C7ED00B0BAE2 /* GotNextApp.swift */; };
		B69E2C902675C7ED00B0BAE2 /* ContentView.swift in Sources */ = {isa = PBXBuildFile; fileRef = B69E2C8F2675C7ED00B0BAE2 /* ContentView.swift */; };
		B69E2C922675C7F300B0BAE2 /* Assets.xcassets in Resources */ = {isa = PBXBuildFile; fileRef = B69E2C912675C7F300B0BAE2 /* Assets.xcassets */; };
		B69E2C952675C7F300B0BAE2 /* Preview Assets.xcassets in Resources */ = {isa = PBXBuildFile; fileRef = B69E2C942675C7F300B0BAE2 /* Preview Assets.xcassets */; };
		B69E2CA02675C7F400B0BAE2 /* GotNextTests.swift in Sources */ = {isa = PBXBuildFile; fileRef = B69E2C9F2675C7F400B0BAE2 /* GotNextTests.swift */; };
		B69E2CAB2675C7F400B0BAE2 /* GotNextUITests.swift in Sources */ = {isa = PBXBuildFile; fileRef = B69E2CAA2675C7F400B0BAE2 /* GotNextUITests.swift */; };
		B69E2CBC2675C8FF00B0BAE2 /* HomeView.swift in Sources */ = {isa = PBXBuildFile; fileRef = B69E2CBB2675C8FF00B0BAE2 /* HomeView.swift */; };
/* End PBXBuildFile section */

/* Begin PBXContainerItemProxy section */
		B69E2C9C2675C7F400B0BAE2 /* PBXContainerItemProxy */ = {
			isa = PBXContainerItemProxy;
			containerPortal = B69E2C822675C7ED00B0BAE2 /* Project object */;
			proxyType = 1;
			remoteGlobalIDString = B69E2C892675C7ED00B0BAE2;
			remoteInfo = GotNext;
		};
		B69E2CA72675C7F400B0BAE2 /* PBXContainerItemProxy */ = {
			isa = PBXContainerItemProxy;
			containerPortal = B69E2C822675C7ED00B0BAE2 /* Project object */;
			proxyType = 1;
			remoteGlobalIDString = B69E2C892675C7ED00B0BAE2;
			remoteInfo = GotNext;
		};
/* End PBXContainerItemProxy section */

/* Begin PBXFileReference section */
		B671E58E2676B7220042CCE6 /* Spacings.swift */ = {isa = PBXFileReference; lastKnownFileType = sourcecode.swift; path = Spacings.swift; sourceTree = "<group>"; };
		B671E5A726797F640042CCE6 /* EventView.swift */ = {isa = PBXFileReference; lastKnownFileType = sourcecode.swift; path = EventView.swift; sourceTree = "<group>"; };
		B671E5AC267984130042CCE6 /* EmptyView.swift */ = {isa = PBXFileReference; lastKnownFileType = sourcecode.swift; path = EmptyView.swift; sourceTree = "<group>"; };
		B671E5B1267984BD0042CCE6 /* Fonts.swift */ = {isa = PBXFileReference; lastKnownFileType = sourcecode.swift; path = Fonts.swift; sourceTree = "<group>"; };
		B671E5B926798C450042CCE6 /* Values.swift */ = {isa = PBXFileReference; lastKnownFileType = sourcecode.swift; path = Values.swift; sourceTree = "<group>"; };
		B69E2C8A2675C7ED00B0BAE2 /* GotNext.app */ = {isa = PBXFileReference; explicitFileType = wrapper.application; includeInIndex = 0; path = GotNext.app; sourceTree = BUILT_PRODUCTS_DIR; };
		B69E2C8D2675C7ED00B0BAE2 /* GotNextApp.swift */ = {isa = PBXFileReference; lastKnownFileType = sourcecode.swift; path = GotNextApp.swift; sourceTree = "<group>"; };
		B69E2C8F2675C7ED00B0BAE2 /* ContentView.swift */ = {isa = PBXFileReference; lastKnownFileType = sourcecode.swift; path = ContentView.swift; sourceTree = "<group>"; };
		B69E2C912675C7F300B0BAE2 /* Assets.xcassets */ = {isa = PBXFileReference; lastKnownFileType = folder.assetcatalog; path = Assets.xcassets; sourceTree = "<group>"; };
		B69E2C942675C7F300B0BAE2 /* Preview Assets.xcassets */ = {isa = PBXFileReference; lastKnownFileType = folder.assetcatalog; path = "Preview Assets.xcassets"; sourceTree = "<group>"; };
		B69E2C962675C7F300B0BAE2 /* Info.plist */ = {isa = PBXFileReference; lastKnownFileType = text.plist.xml; path = Info.plist; sourceTree = "<group>"; };
		B69E2C9B2675C7F400B0BAE2 /* GotNextTests.xctest */ = {isa = PBXFileReference; explicitFileType = wrapper.cfbundle; includeInIndex = 0; path = GotNextTests.xctest; sourceTree = BUILT_PRODUCTS_DIR; };
		B69E2C9F2675C7F400B0BAE2 /* GotNextTests.swift */ = {isa = PBXFileReference; lastKnownFileType = sourcecode.swift; path = GotNextTests.swift; sourceTree = "<group>"; };
		B69E2CA12675C7F400B0BAE2 /* Info.plist */ = {isa = PBXFileReference; lastKnownFileType = text.plist.xml; path = Info.plist; sourceTree = "<group>"; };
		B69E2CA62675C7F400B0BAE2 /* GotNextUITests.xctest */ = {isa = PBXFileReference; explicitFileType = wrapper.cfbundle; includeInIndex = 0; path = GotNextUITests.xctest; sourceTree = BUILT_PRODUCTS_DIR; };
		B69E2CAA2675C7F400B0BAE2 /* GotNextUITests.swift */ = {isa = PBXFileReference; lastKnownFileType = sourcecode.swift; path = GotNextUITests.swift; sourceTree = "<group>"; };
		B69E2CAC2675C7F400B0BAE2 /* Info.plist */ = {isa = PBXFileReference; lastKnownFileType = text.plist.xml; path = Info.plist; sourceTree = "<group>"; };
		B69E2CBB2675C8FF00B0BAE2 /* HomeView.swift */ = {isa = PBXFileReference; lastKnownFileType = sourcecode.swift; path = HomeView.swift; sourceTree = "<group>"; };
/* End PBXFileReference section */

/* Begin PBXFrameworksBuildPhase section */
		B69E2C872675C7ED00B0BAE2 /* Frameworks */ = {
			isa = PBXFrameworksBuildPhase;
			buildActionMask = 2147483647;
			files = (
			);
			runOnlyForDeploymentPostprocessing = 0;
		};
		B69E2C982675C7F400B0BAE2 /* Frameworks */ = {
			isa = PBXFrameworksBuildPhase;
			buildActionMask = 2147483647;
			files = (
			);
			runOnlyForDeploymentPostprocessing = 0;
		};
		B69E2CA32675C7F400B0BAE2 /* Frameworks */ = {
			isa = PBXFrameworksBuildPhase;
			buildActionMask = 2147483647;
			files = (
			);
			runOnlyForDeploymentPostprocessing = 0;
		};
/* End PBXFrameworksBuildPhase section */

/* Begin PBXGroup section */
		B671E5892676B0930042CCE6 /* Views */ = {
			isa = PBXGroup;
			children = (
				B69E2CBB2675C8FF00B0BAE2 /* HomeView.swift */,
				B671E5A726797F640042CCE6 /* EventView.swift */,
				B671E5AC267984130042CCE6 /* EmptyView.swift */,
			);
			path = Views;
			sourceTree = "<group>";
		};
		B671E58D2676B6EF0042CCE6 /* Values */ = {
			isa = PBXGroup;
			children = (
				B671E58E2676B7220042CCE6 /* Spacings.swift */,
				B671E5B1267984BD0042CCE6 /* Fonts.swift */,
				B671E5B926798C450042CCE6 /* Values.swift */,
			);
			path = Values;
			sourceTree = "<group>";
		};
		B69E2C812675C7ED00B0BAE2 = {
			isa = PBXGroup;
			children = (
				B69E2C8C2675C7ED00B0BAE2 /* GotNext */,
				B69E2C9E2675C7F400B0BAE2 /* GotNextTests */,
				B69E2CA92675C7F400B0BAE2 /* GotNextUITests */,
				B69E2C8B2675C7ED00B0BAE2 /* Products */,
			);
			sourceTree = "<group>";
		};
		B69E2C8B2675C7ED00B0BAE2 /* Products */ = {
			isa = PBXGroup;
			children = (
				B69E2C8A2675C7ED00B0BAE2 /* GotNext.app */,
				B69E2C9B2675C7F400B0BAE2 /* GotNextTests.xctest */,
				B69E2CA62675C7F400B0BAE2 /* GotNextUITests.xctest */,
			);
			name = Products;
			sourceTree = "<group>";
		};
		B69E2C8C2675C7ED00B0BAE2 /* GotNext */ = {
			isa = PBXGroup;
			children = (
				B671E58D2676B6EF0042CCE6 /* Values */,
				B671E5892676B0930042CCE6 /* Views */,
				B69E2C8D2675C7ED00B0BAE2 /* GotNextApp.swift */,
				B69E2C8F2675C7ED00B0BAE2 /* ContentView.swift */,
				B69E2C912675C7F300B0BAE2 /* Assets.xcassets */,
				B69E2C962675C7F300B0BAE2 /* Info.plist */,
				B69E2C932675C7F300B0BAE2 /* Preview Content */,
			);
			path = GotNext;
			sourceTree = "<group>";
		};
		B69E2C932675C7F300B0BAE2 /* Preview Content */ = {
			isa = PBXGroup;
			children = (
				B69E2C942675C7F300B0BAE2 /* Preview Assets.xcassets */,
			);
			path = "Preview Content";
			sourceTree = "<group>";
		};
		B69E2C9E2675C7F400B0BAE2 /* GotNextTests */ = {
			isa = PBXGroup;
			children = (
				B69E2C9F2675C7F400B0BAE2 /* GotNextTests.swift */,
				B69E2CA12675C7F400B0BAE2 /* Info.plist */,
			);
			path = GotNextTests;
			sourceTree = "<group>";
		};
		B69E2CA92675C7F400B0BAE2 /* GotNextUITests */ = {
			isa = PBXGroup;
			children = (
				B69E2CAA2675C7F400B0BAE2 /* GotNextUITests.swift */,
				B69E2CAC2675C7F400B0BAE2 /* Info.plist */,
			);
			path = GotNextUITests;
			sourceTree = "<group>";
		};
/* End PBXGroup section */

/* Begin PBXNativeTarget section */
		B69E2C892675C7ED00B0BAE2 /* GotNext */ = {
			isa = PBXNativeTarget;
			buildConfigurationList = B69E2CAF2675C7F400B0BAE2 /* Build configuration list for PBXNativeTarget "GotNext" */;
			buildPhases = (
				B69E2C862675C7ED00B0BAE2 /* Sources */,
				B69E2C872675C7ED00B0BAE2 /* Frameworks */,
				B69E2C882675C7ED00B0BAE2 /* Resources */,
			);
			buildRules = (
			);
			dependencies = (
			);
			name = GotNext;
			productName = GotNext;
			productReference = B69E2C8A2675C7ED00B0BAE2 /* GotNext.app */;
			productType = "com.apple.product-type.application";
		};
		B69E2C9A2675C7F400B0BAE2 /* GotNextTests */ = {
			isa = PBXNativeTarget;
			buildConfigurationList = B69E2CB22675C7F400B0BAE2 /* Build configuration list for PBXNativeTarget "GotNextTests" */;
			buildPhases = (
				B69E2C972675C7F400B0BAE2 /* Sources */,
				B69E2C982675C7F400B0BAE2 /* Frameworks */,
				B69E2C992675C7F400B0BAE2 /* Resources */,
			);
			buildRules = (
			);
			dependencies = (
				B69E2C9D2675C7F400B0BAE2 /* PBXTargetDependency */,
			);
			name = GotNextTests;
			productName = GotNextTests;
			productReference = B69E2C9B2675C7F400B0BAE2 /* GotNextTests.xctest */;
			productType = "com.apple.product-type.bundle.unit-test";
		};
		B69E2CA52675C7F400B0BAE2 /* GotNextUITests */ = {
			isa = PBXNativeTarget;
			buildConfigurationList = B69E2CB52675C7F400B0BAE2 /* Build configuration list for PBXNativeTarget "GotNextUITests" */;
			buildPhases = (
				B69E2CA22675C7F400B0BAE2 /* Sources */,
				B69E2CA32675C7F400B0BAE2 /* Frameworks */,
				B69E2CA42675C7F400B0BAE2 /* Resources */,
			);
			buildRules = (
			);
			dependencies = (
				B69E2CA82675C7F400B0BAE2 /* PBXTargetDependency */,
			);
			name = GotNextUITests;
			productName = GotNextUITests;
			productReference = B69E2CA62675C7F400B0BAE2 /* GotNextUITests.xctest */;
			productType = "com.apple.product-type.bundle.ui-testing";
		};
/* End PBXNativeTarget section */

/* Begin PBXProject section */
		B69E2C822675C7ED00B0BAE2 /* Project object */ = {
			isa = PBXProject;
			attributes = {
				LastSwiftUpdateCheck = 1230;
				LastUpgradeCheck = 1230;
				TargetAttributes = {
					B69E2C892675C7ED00B0BAE2 = {
						CreatedOnToolsVersion = 12.3;
					};
					B69E2C9A2675C7F400B0BAE2 = {
						CreatedOnToolsVersion = 12.3;
						TestTargetID = B69E2C892675C7ED00B0BAE2;
					};
					B69E2CA52675C7F400B0BAE2 = {
						CreatedOnToolsVersion = 12.3;
						TestTargetID = B69E2C892675C7ED00B0BAE2;
					};
				};
			};
			buildConfigurationList = B69E2C852675C7ED00B0BAE2 /* Build configuration list for PBXProject "GotNext" */;
			compatibilityVersion = "Xcode 9.3";
			developmentRegion = en;
			hasScannedForEncodings = 0;
			knownRegions = (
				en,
				Base,
			);
			mainGroup = B69E2C812675C7ED00B0BAE2;
			productRefGroup = B69E2C8B2675C7ED00B0BAE2 /* Products */;
			projectDirPath = "";
			projectRoot = "";
			targets = (
				B69E2C892675C7ED00B0BAE2 /* GotNext */,
				B69E2C9A2675C7F400B0BAE2 /* GotNextTests */,
				B69E2CA52675C7F400B0BAE2 /* GotNextUITests */,
			);
		};
/* End PBXProject section */

/* Begin PBXResourcesBuildPhase section */
		B69E2C882675C7ED00B0BAE2 /* Resources */ = {
			isa = PBXResourcesBuildPhase;
			buildActionMask = 2147483647;
			files = (
				B69E2C952675C7F300B0BAE2 /* Preview Assets.xcassets in Resources */,
				B69E2C922675C7F300B0BAE2 /* Assets.xcassets in Resources */,
			);
			runOnlyForDeploymentPostprocessing = 0;
		};
		B69E2C992675C7F400B0BAE2 /* Resources */ = {
			isa = PBXResourcesBuildPhase;
			buildActionMask = 2147483647;
			files = (
			);
			runOnlyForDeploymentPostprocessing = 0;
		};
		B69E2CA42675C7F400B0BAE2 /* Resources */ = {
			isa = PBXResourcesBuildPhase;
			buildActionMask = 2147483647;
			files = (
			);
			runOnlyForDeploymentPostprocessing = 0;
		};
/* End PBXResourcesBuildPhase section */

/* Begin PBXSourcesBuildPhase section */
		B69E2C862675C7ED00B0BAE2 /* Sources */ = {
			isa = PBXSourcesBuildPhase;
			buildActionMask = 2147483647;
			files = (
				B69E2CBC2675C8FF00B0BAE2 /* HomeView.swift in Sources */,
				B671E58F2676B7220042CCE6 /* Spacings.swift in Sources */,
				B671E5B2267984BD0042CCE6 /* Fonts.swift in Sources */,
				B69E2C902675C7ED00B0BAE2 /* ContentView.swift in Sources */,
				B69E2C8E2675C7ED00B0BAE2 /* GotNextApp.swift in Sources */,
				B671E5AD267984130042CCE6 /* EmptyView.swift in Sources */,
				B671E5A826797F640042CCE6 /* EventView.swift in Sources */,
				B671E5BA26798C450042CCE6 /* Values.swift in Sources */,
			);
			runOnlyForDeploymentPostprocessing = 0;
		};
		B69E2C972675C7F400B0BAE2 /* Sources */ = {
			isa = PBXSourcesBuildPhase;
			buildActionMask = 2147483647;
			files = (
				B69E2CA02675C7F400B0BAE2 /* GotNextTests.swift in Sources */,
			);
			runOnlyForDeploymentPostprocessing = 0;
		};
		B69E2CA22675C7F400B0BAE2 /* Sources */ = {
			isa = PBXSourcesBuildPhase;
			buildActionMask = 2147483647;
			files = (
				B69E2CAB2675C7F400B0BAE2 /* GotNextUITests.swift in Sources */,
			);
			runOnlyForDeploymentPostprocessing = 0;
		};
/* End PBXSourcesBuildPhase section */

/* Begin PBXTargetDependency section */
		B69E2C9D2675C7F400B0BAE2 /* PBXTargetDependency */ = {
			isa = PBXTargetDependency;
			target = B69E2C892675C7ED00B0BAE2 /* GotNext */;
			targetProxy = B69E2C9C2675C7F400B0BAE2 /* PBXContainerItemProxy */;
		};
		B69E2CA82675C7F400B0BAE2 /* PBXTargetDependency */ = {
			isa = PBXTargetDependency;
			target = B69E2C892675C7ED00B0BAE2 /* GotNext */;
			targetProxy = B69E2CA72675C7F400B0BAE2 /* PBXContainerItemProxy */;
		};
/* End PBXTargetDependency section */

/* Begin XCBuildConfiguration section */
		B69E2CAD2675C7F400B0BAE2 /* Debug */ = {
			isa = XCBuildConfiguration;
			buildSettings = {
				ALWAYS_SEARCH_USER_PATHS = NO;
				CLANG_ANALYZER_NONNULL = YES;
				CLANG_ANALYZER_NUMBER_OBJECT_CONVERSION = YES_AGGRESSIVE;
				CLANG_CXX_LANGUAGE_STANDARD = "gnu++14";
				CLANG_CXX_LIBRARY = "libc++";
				CLANG_ENABLE_MODULES = YES;
				CLANG_ENABLE_OBJC_ARC = YES;
				CLANG_ENABLE_OBJC_WEAK = YES;
				CLANG_WARN_BLOCK_CAPTURE_AUTORELEASING = YES;
				CLANG_WARN_BOOL_CONVERSION = YES;
				CLANG_WARN_COMMA = YES;
				CLANG_WARN_CONSTANT_CONVERSION = YES;
				CLANG_WARN_DEPRECATED_OBJC_IMPLEMENTATIONS = YES;
				CLANG_WARN_DIRECT_OBJC_ISA_USAGE = YES_ERROR;
				CLANG_WARN_DOCUMENTATION_COMMENTS = YES;
				CLANG_WARN_EMPTY_BODY = YES;
				CLANG_WARN_ENUM_CONVERSION = YES;
				CLANG_WARN_INFINITE_RECURSION = YES;
				CLANG_WARN_INT_CONVERSION = YES;
				CLANG_WARN_NON_LITERAL_NULL_CONVERSION = YES;
				CLANG_WARN_OBJC_IMPLICIT_RETAIN_SELF = YES;
				CLANG_WARN_OBJC_LITERAL_CONVERSION = YES;
				CLANG_WARN_OBJC_ROOT_CLASS = YES_ERROR;
				CLANG_WARN_QUOTED_INCLUDE_IN_FRAMEWORK_HEADER = YES;
				CLANG_WARN_RANGE_LOOP_ANALYSIS = YES;
				CLANG_WARN_STRICT_PROTOTYPES = YES;
				CLANG_WARN_SUSPICIOUS_MOVE = YES;
				CLANG_WARN_UNGUARDED_AVAILABILITY = YES_AGGRESSIVE;
				CLANG_WARN_UNREACHABLE_CODE = YES;
				CLANG_WARN__DUPLICATE_METHOD_MATCH = YES;
				COPY_PHASE_STRIP = NO;
				DEBUG_INFORMATION_FORMAT = dwarf;
				ENABLE_STRICT_OBJC_MSGSEND = YES;
				ENABLE_TESTABILITY = YES;
				GCC_C_LANGUAGE_STANDARD = gnu11;
				GCC_DYNAMIC_NO_PIC = NO;
				GCC_NO_COMMON_BLOCKS = YES;
				GCC_OPTIMIZATION_LEVEL = 0;
				GCC_PREPROCESSOR_DEFINITIONS = (
					"DEBUG=1",
					"$(inherited)",
				);
				GCC_WARN_64_TO_32_BIT_CONVERSION = YES;
				GCC_WARN_ABOUT_RETURN_TYPE = YES_ERROR;
				GCC_WARN_UNDECLARED_SELECTOR = YES;
				GCC_WARN_UNINITIALIZED_AUTOS = YES_AGGRESSIVE;
				GCC_WARN_UNUSED_FUNCTION = YES;
				GCC_WARN_UNUSED_VARIABLE = YES;
				IPHONEOS_DEPLOYMENT_TARGET = 14.3;
				MTL_ENABLE_DEBUG_INFO = INCLUDE_SOURCE;
				MTL_FAST_MATH = YES;
				ONLY_ACTIVE_ARCH = YES;
				SDKROOT = iphoneos;
				SWIFT_ACTIVE_COMPILATION_CONDITIONS = DEBUG;
				SWIFT_OPTIMIZATION_LEVEL = "-Onone";
			};
			name = Debug;
		};
		B69E2CAE2675C7F400B0BAE2 /* Release */ = {
			isa = XCBuildConfiguration;
			buildSettings = {
				ALWAYS_SEARCH_USER_PATHS = NO;
				CLANG_ANALYZER_NONNULL = YES;
				CLANG_ANALYZER_NUMBER_OBJECT_CONVERSION = YES_AGGRESSIVE;
				CLANG_CXX_LANGUAGE_STANDARD = "gnu++14";
				CLANG_CXX_LIBRARY = "libc++";
				CLANG_ENABLE_MODULES = YES;
				CLANG_ENABLE_OBJC_ARC = YES;
				CLANG_ENABLE_OBJC_WEAK = YES;
				CLANG_WARN_BLOCK_CAPTURE_AUTORELEASING = YES;
				CLANG_WARN_BOOL_CONVERSION = YES;
				CLANG_WARN_COMMA = YES;
				CLANG_WARN_CONSTANT_CONVERSION = YES;
				CLANG_WARN_DEPRECATED_OBJC_IMPLEMENTATIONS = YES;
				CLANG_WARN_DIRECT_OBJC_ISA_USAGE = YES_ERROR;
				CLANG_WARN_DOCUMENTATION_COMMENTS = YES;
				CLANG_WARN_EMPTY_BODY = YES;
				CLANG_WARN_ENUM_CONVERSION = YES;
				CLANG_WARN_INFINITE_RECURSION = YES;
				CLANG_WARN_INT_CONVERSION = YES;
				CLANG_WARN_NON_LITERAL_NULL_CONVERSION = YES;
				CLANG_WARN_OBJC_IMPLICIT_RETAIN_SELF = YES;
				CLANG_WARN_OBJC_LITERAL_CONVERSION = YES;
				CLANG_WARN_OBJC_ROOT_CLASS = YES_ERROR;
				CLANG_WARN_QUOTED_INCLUDE_IN_FRAMEWORK_HEADER = YES;
				CLANG_WARN_RANGE_LOOP_ANALYSIS = YES;
				CLANG_WARN_STRICT_PROTOTYPES = YES;
				CLANG_WARN_SUSPICIOUS_MOVE = YES;
				CLANG_WARN_UNGUARDED_AVAILABILITY = YES_AGGRESSIVE;
				CLANG_WARN_UNREACHABLE_CODE = YES;
				CLANG_WARN__DUPLICATE_METHOD_MATCH = YES;
				COPY_PHASE_STRIP = NO;
				DEBUG_INFORMATION_FORMAT = "dwarf-with-dsym";
				ENABLE_NS_ASSERTIONS = NO;
				ENABLE_STRICT_OBJC_MSGSEND = YES;
				GCC_C_LANGUAGE_STANDARD = gnu11;
				GCC_NO_COMMON_BLOCKS = YES;
				GCC_WARN_64_TO_32_BIT_CONVERSION = YES;
				GCC_WARN_ABOUT_RETURN_TYPE = YES_ERROR;
				GCC_WARN_UNDECLARED_SELECTOR = YES;
				GCC_WARN_UNINITIALIZED_AUTOS = YES_AGGRESSIVE;
				GCC_WARN_UNUSED_FUNCTION = YES;
				GCC_WARN_UNUSED_VARIABLE = YES;
				IPHONEOS_DEPLOYMENT_TARGET = 14.3;
				MTL_ENABLE_DEBUG_INFO = NO;
				MTL_FAST_MATH = YES;
				SDKROOT = iphoneos;
				SWIFT_COMPILATION_MODE = wholemodule;
				SWIFT_OPTIMIZATION_LEVEL = "-O";
				VALIDATE_PRODUCT = YES;
			};
			name = Release;
		};
		B69E2CB02675C7F400B0BAE2 /* Debug */ = {
			isa = XCBuildConfiguration;
			buildSettings = {
				ASSETCATALOG_COMPILER_APPICON_NAME = AppIcon;
				ASSETCATALOG_COMPILER_GLOBAL_ACCENT_COLOR_NAME = AccentColor;
				CODE_SIGN_STYLE = Automatic;
				DEVELOPMENT_ASSET_PATHS = "\"GotNext/Preview Content\"";
				DEVELOPMENT_TEAM = 73L9U9T23L;
				ENABLE_PREVIEWS = YES;
				INFOPLIST_FILE = GotNext/Info.plist;
				IPHONEOS_DEPLOYMENT_TARGET = 14.0;
				LD_RUNPATH_SEARCH_PATHS = (
					"$(inherited)",
					"@executable_path/Frameworks",
				);
				PRODUCT_BUNDLE_IDENTIFIER = com.KelvinLow.GotNext;
				PRODUCT_NAME = "$(TARGET_NAME)";
				SWIFT_VERSION = 5.0;
				TARGETED_DEVICE_FAMILY = "1,2";
			};
			name = Debug;
		};
		B69E2CB12675C7F400B0BAE2 /* Release */ = {
			isa = XCBuildConfiguration;
			buildSettings = {
				ASSETCATALOG_COMPILER_APPICON_NAME = AppIcon;
				ASSETCATALOG_COMPILER_GLOBAL_ACCENT_COLOR_NAME = AccentColor;
				CODE_SIGN_STYLE = Automatic;
				DEVELOPMENT_ASSET_PATHS = "\"GotNext/Preview Content\"";
				DEVELOPMENT_TEAM = 73L9U9T23L;
				ENABLE_PREVIEWS = YES;
				INFOPLIST_FILE = GotNext/Info.plist;
				IPHONEOS_DEPLOYMENT_TARGET = 14.0;
				LD_RUNPATH_SEARCH_PATHS = (
					"$(inherited)",
					"@executable_path/Frameworks",
				);
				PRODUCT_BUNDLE_IDENTIFIER = com.KelvinLow.GotNext;
				PRODUCT_NAME = "$(TARGET_NAME)";
				SWIFT_VERSION = 5.0;
				TARGETED_DEVICE_FAMILY = "1,2";
			};
			name = Release;
		};
		B69E2CB32675C7F400B0BAE2 /* Debug */ = {
			isa = XCBuildConfiguration;
			buildSettings = {
				ALWAYS_EMBED_SWIFT_STANDARD_LIBRARIES = YES;
				BUNDLE_LOADER = "$(TEST_HOST)";
				CODE_SIGN_STYLE = Automatic;
				DEVELOPMENT_TEAM = 73L9U9T23L;
				INFOPLIST_FILE = GotNextTests/Info.plist;
				IPHONEOS_DEPLOYMENT_TARGET = 14.0;
				LD_RUNPATH_SEARCH_PATHS = (
					"$(inherited)",
					"@executable_path/Frameworks",
					"@loader_path/Frameworks",
				);
				PRODUCT_BUNDLE_IDENTIFIER = com.KelvinLow.GotNextTests;
				PRODUCT_NAME = "$(TARGET_NAME)";
				SWIFT_VERSION = 5.0;
				TARGETED_DEVICE_FAMILY = "1,2";
				TEST_HOST = "$(BUILT_PRODUCTS_DIR)/GotNext.app/GotNext";
			};
			name = Debug;
		};
		B69E2CB42675C7F400B0BAE2 /* Release */ = {
			isa = XCBuildConfiguration;
			buildSettings = {
				ALWAYS_EMBED_SWIFT_STANDARD_LIBRARIES = YES;
				BUNDLE_LOADER = "$(TEST_HOST)";
				CODE_SIGN_STYLE = Automatic;
				DEVELOPMENT_TEAM = 73L9U9T23L;
				INFOPLIST_FILE = GotNextTests/Info.plist;
				IPHONEOS_DEPLOYMENT_TARGET = 14.0;
				LD_RUNPATH_SEARCH_PATHS = (
					"$(inherited)",
					"@executable_path/Frameworks",
					"@loader_path/Frameworks",
				);
				PRODUCT_BUNDLE_IDENTIFIER = com.KelvinLow.GotNextTests;
				PRODUCT_NAME = "$(TARGET_NAME)";
				SWIFT_VERSION = 5.0;
				TARGETED_DEVICE_FAMILY = "1,2";
				TEST_HOST = "$(BUILT_PRODUCTS_DIR)/GotNext.app/GotNext";
			};
			name = Release;
		};
		B69E2CB62675C7F400B0BAE2 /* Debug */ = {
			isa = XCBuildConfiguration;
			buildSettings = {
				ALWAYS_EMBED_SWIFT_STANDARD_LIBRARIES = YES;
				CODE_SIGN_STYLE = Automatic;
				DEVELOPMENT_TEAM = 73L9U9T23L;
				INFOPLIST_FILE = GotNextUITests/Info.plist;
				LD_RUNPATH_SEARCH_PATHS = (
					"$(inherited)",
					"@executable_path/Frameworks",
					"@loader_path/Frameworks",
				);
				PRODUCT_BUNDLE_IDENTIFIER = com.KelvinLow.GotNextUITests;
				PRODUCT_NAME = "$(TARGET_NAME)";
				SWIFT_VERSION = 5.0;
				TARGETED_DEVICE_FAMILY = "1,2";
				TEST_TARGET_NAME = GotNext;
			};
			name = Debug;
		};
		B69E2CB72675C7F400B0BAE2 /* Release */ = {
			isa = XCBuildConfiguration;
			buildSettings = {
				ALWAYS_EMBED_SWIFT_STANDARD_LIBRARIES = YES;
				CODE_SIGN_STYLE = Automatic;
				DEVELOPMENT_TEAM = 73L9U9T23L;
				INFOPLIST_FILE = GotNextUITests/Info.plist;
				LD_RUNPATH_SEARCH_PATHS = (
					"$(inherited)",
					"@executable_path/Frameworks",
					"@loader_path/Frameworks",
				);
				PRODUCT_BUNDLE_IDENTIFIER = com.KelvinLow.GotNextUITests;
				PRODUCT_NAME = "$(TARGET_NAME)";
				SWIFT_VERSION = 5.0;
				TARGETED_DEVICE_FAMILY = "1,2";
				TEST_TARGET_NAME = GotNext;
			};
			name = Release;
		};
/* End XCBuildConfiguration section */

/* Begin XCConfigurationList section */
		B69E2C852675C7ED00B0BAE2 /* Build configuration list for PBXProject "GotNext" */ = {
			isa = XCConfigurationList;
			buildConfigurations = (
				B69E2CAD2675C7F400B0BAE2 /* Debug */,
				B69E2CAE2675C7F400B0BAE2 /* Release */,
			);
			defaultConfigurationIsVisible = 0;
			defaultConfigurationName = Release;
		};
		B69E2CAF2675C7F400B0BAE2 /* Build configuration list for PBXNativeTarget "GotNext" */ = {
			isa = XCConfigurationList;
			buildConfigurations = (
				B69E2CB02675C7F400B0BAE2 /* Debug */,
				B69E2CB12675C7F400B0BAE2 /* Release */,
			);
			defaultConfigurationIsVisible = 0;
			defaultConfigurationName = Release;
		};
		B69E2CB22675C7F400B0BAE2 /* Build configuration list for PBXNativeTarget "GotNextTests" */ = {
			isa = XCConfigurationList;
			buildConfigurations = (
				B69E2CB32675C7F400B0BAE2 /* Debug */,
				B69E2CB42675C7F400B0BAE2 /* Release */,
			);
			defaultConfigurationIsVisible = 0;
			defaultConfigurationName = Release;
		};
		B69E2CB52675C7F400B0BAE2 /* Build configuration list for PBXNativeTarget "GotNextUITests" */ = {
			isa = XCConfigurationList;
			buildConfigurations = (
				B69E2CB62675C7F400B0BAE2 /* Debug */,
				B69E2CB72675C7F400B0BAE2 /* Release */,
			);
			defaultConfigurationIsVisible = 0;
			defaultConfigurationName = Release;
		};
/* End XCConfigurationList section */
	};
	rootObject = B69E2C822675C7ED00B0BAE2 /* Project object */;
}
